// !$*UTF8*$!
{
	archiveVersion = 1;
	classes = {
	};
	objectVersion = 52;
	objects = {

/* Begin PBXBuildFile section */
		2C1BF4A92141278200E7D1EC /* AppDelegate.m in Sources */ = {isa = PBXBuildFile; fileRef = 2C1BF4A82141278200E7D1EC /* AppDelegate.m */; };
		2C1BF4AC2141278200E7D1EC /* ViewController.m in Sources */ = {isa = PBXBuildFile; fileRef = 2C1BF4AB2141278200E7D1EC /* ViewController.m */; };
		2C1BF4AF2141278200E7D1EC /* Main.storyboard in Resources */ = {isa = PBXBuildFile; fileRef = 2C1BF4AD2141278200E7D1EC /* Main.storyboard */; };
		2C1BF4B12141278400E7D1EC /* Assets.xcassets in Resources */ = {isa = PBXBuildFile; fileRef = 2C1BF4B02141278400E7D1EC /* Assets.xcassets */; };
		2C1BF4B42141278400E7D1EC /* LaunchScreen.storyboard in Resources */ = {isa = PBXBuildFile; fileRef = 2C1BF4B22141278400E7D1EC /* LaunchScreen.storyboard */; };
		2C1BF4B72141278400E7D1EC /* main.m in Sources */ = {isa = PBXBuildFile; fileRef = 2C1BF4B62141278400E7D1EC /* main.m */; };
		584D2F8627F8560300B209EA /* DemoSharedData.m in Sources */ = {isa = PBXBuildFile; fileRef = 584D2F8527F8560300B209EA /* DemoSharedData.m */; };
		D07D962D22D8297E00AD53EE /* TSDMiniViewController.m in Sources */ = {isa = PBXBuildFile; fileRef = D07D962C22D8297E00AD53EE /* TSDMiniViewController.m */; };
		D07D963222D82BE300AD53EE /* AuthViewController.m in Sources */ = {isa = PBXBuildFile; fileRef = D07D962F22D82BE300AD53EE /* AuthViewController.m */; };
		D07D963322D82BE300AD53EE /* PushTransactionViewController.m in Sources */ = {isa = PBXBuildFile; fileRef = D07D963122D82BE300AD53EE /* PushTransactionViewController.m */; };
		D09003EA2330D98F00E17E50 /* TPLoginViewController.m in Sources */ = {isa = PBXBuildFile; fileRef = D09003E92330D98F00E17E50 /* TPLoginViewController.m */; };
		D09003ED2330D99E00E17E50 /* TPSignViewController.m in Sources */ = {isa = PBXBuildFile; fileRef = D09003EC2330D99E00E17E50 /* TPSignViewController.m */; };
		D09003F32330D9C400E17E50 /* TPContractViewController.m in Sources */ = {isa = PBXBuildFile; fileRef = D09003F22330D9C400E17E50 /* TPContractViewController.m */; };
		D0E87D5222D4A340006E5C93 /* TPSDKBundle.bundle in Resources */ = {isa = PBXBuildFile; fileRef = D0E87D5122D4A340006E5C93 /* TPSDKBundle.bundle */; };
		F93751E129F0E99500AC8A3B /* TPSDK.xcframework in Frameworks */ = {isa = PBXBuildFile; fileRef = F93751E029F0E99500AC8A3B /* TPSDK.xcframework */; };
		F99D509029DEA58700544F24 /* TPEthGetEncryptPublicKeyViewController.m in Sources */ = {isa = PBXBuildFile; fileRef = F99D508F29DEA58700544F24 /* TPEthGetEncryptPublicKeyViewController.m */; };
		F99D509329DEA59E00544F24 /* TPEthDecryptViewController.m in Sources */ = {isa = PBXBuildFile; fileRef = F99D509229DEA59E00544F24 /* TPEthDecryptViewController.m */; };
/* End PBXBuildFile section */

/* Begin PBXFileReference section */
		18B33AE0224CF2BF0093E7F7 /* TPSDK.framework */ = {isa = PBXFileReference; lastKnownFileType = wrapper.framework; path = TPSDK.framework; sourceTree = "<group>"; };
		2C1BF4A42141278100E7D1EC /* SDKDemo.app */ = {isa = PBXFileReference; explicitFileType = wrapper.application; includeInIndex = 0; path = SDKDemo.app; sourceTree = BUILT_PRODUCTS_DIR; };
		2C1BF4A72141278200E7D1EC /* AppDelegate.h */ = {isa = PBXFileReference; lastKnownFileType = sourcecode.c.h; path = AppDelegate.h; sourceTree = "<group>"; };
		2C1BF4A82141278200E7D1EC /* AppDelegate.m */ = {isa = PBXFileReference; lastKnownFileType = sourcecode.c.objc; path = AppDelegate.m; sourceTree = "<group>"; };
		2C1BF4AA2141278200E7D1EC /* ViewController.h */ = {isa = PBXFileReference; lastKnownFileType = sourcecode.c.h; path = ViewController.h; sourceTree = "<group>"; };
		2C1BF4AB2141278200E7D1EC /* ViewController.m */ = {isa = PBXFileReference; lastKnownFileType = sourcecode.c.objc; path = ViewController.m; sourceTree = "<group>"; };
		2C1BF4AE2141278200E7D1EC /* Base */ = {isa = PBXFileReference; lastKnownFileType = file.storyboard; name = Base; path = Base.lproj/Main.storyboard; sourceTree = "<group>"; };
		2C1BF4B02141278400E7D1EC /* Assets.xcassets */ = {isa = PBXFileReference; lastKnownFileType = folder.assetcatalog; path = Assets.xcassets; sourceTree = "<group>"; };
		2C1BF4B32141278400E7D1EC /* Base */ = {isa = PBXFileReference; lastKnownFileType = file.storyboard; name = Base; path = Base.lproj/LaunchScreen.storyboard; sourceTree = "<group>"; };
		2C1BF4B52141278400E7D1EC /* Info.plist */ = {isa = PBXFileReference; lastKnownFileType = text.plist.xml; path = Info.plist; sourceTree = "<group>"; };
		2C1BF4B62141278400E7D1EC /* main.m */ = {isa = PBXFileReference; lastKnownFileType = sourcecode.c.objc; path = main.m; sourceTree = "<group>"; };
		584D2F8427F8560300B209EA /* DemoSharedData.h */ = {isa = PBXFileReference; lastKnownFileType = sourcecode.c.h; path = DemoSharedData.h; sourceTree = "<group>"; };
		584D2F8527F8560300B209EA /* DemoSharedData.m */ = {isa = PBXFileReference; lastKnownFileType = sourcecode.c.objc; path = DemoSharedData.m; sourceTree = "<group>"; };
		D07D962B22D8297E00AD53EE /* TSDMiniViewController.h */ = {isa = PBXFileReference; lastKnownFileType = sourcecode.c.h; path = TSDMiniViewController.h; sourceTree = "<group>"; };
		D07D962C22D8297E00AD53EE /* TSDMiniViewController.m */ = {isa = PBXFileReference; lastKnownFileType = sourcecode.c.objc; path = TSDMiniViewController.m; sourceTree = "<group>"; };
		D07D962E22D82BE300AD53EE /* PushTransactionViewController.h */ = {isa = PBXFileReference; fileEncoding = 4; lastKnownFileType = sourcecode.c.h; path = PushTransactionViewController.h; sourceTree = "<group>"; };
		D07D962F22D82BE300AD53EE /* AuthViewController.m */ = {isa = PBXFileReference; fileEncoding = 4; lastKnownFileType = sourcecode.c.objc; path = AuthViewController.m; sourceTree = "<group>"; };
		D07D963022D82BE300AD53EE /* AuthViewController.h */ = {isa = PBXFileReference; fileEncoding = 4; lastKnownFileType = sourcecode.c.h; path = AuthViewController.h; sourceTree = "<group>"; };
		D07D963122D82BE300AD53EE /* PushTransactionViewController.m */ = {isa = PBXFileReference; fileEncoding = 4; lastKnownFileType = sourcecode.c.objc; path = PushTransactionViewController.m; sourceTree = "<group>"; };
		D09003E82330D98F00E17E50 /* TPLoginViewController.h */ = {isa = PBXFileReference; lastKnownFileType = sourcecode.c.h; path = TPLoginViewController.h; sourceTree = "<group>"; };
		D09003E92330D98F00E17E50 /* TPLoginViewController.m */ = {isa = PBXFileReference; lastKnownFileType = sourcecode.c.objc; path = TPLoginViewController.m; sourceTree = "<group>"; };
		D09003EB2330D99E00E17E50 /* TPSignViewController.h */ = {isa = PBXFileReference; lastKnownFileType = sourcecode.c.h; path = TPSignViewController.h; sourceTree = "<group>"; };
		D09003EC2330D99E00E17E50 /* TPSignViewController.m */ = {isa = PBXFileReference; lastKnownFileType = sourcecode.c.objc; path = TPSignViewController.m; sourceTree = "<group>"; };
		D09003F12330D9C400E17E50 /* TPContractViewController.h */ = {isa = PBXFileReference; lastKnownFileType = sourcecode.c.h; path = TPContractViewController.h; sourceTree = "<group>"; };
		D09003F22330D9C400E17E50 /* TPContractViewController.m */ = {isa = PBXFileReference; lastKnownFileType = sourcecode.c.objc; path = TPContractViewController.m; sourceTree = "<group>"; };
		D0E87D5122D4A340006E5C93 /* TPSDKBundle.bundle */ = {isa = PBXFileReference; lastKnownFileType = "wrapper.plug-in"; path = TPSDKBundle.bundle; sourceTree = "<group>"; };
		F93751E029F0E99500AC8A3B /* TPSDK.xcframework */ = {isa = PBXFileReference; lastKnownFileType = wrapper.xcframework; path = TPSDK.xcframework; sourceTree = "<group>"; };
		F99D508E29DEA58700544F24 /* TPEthGetEncryptPublicKeyViewController.h */ = {isa = PBXFileReference; lastKnownFileType = sourcecode.c.h; path = TPEthGetEncryptPublicKeyViewController.h; sourceTree = "<group>"; };
		F99D508F29DEA58700544F24 /* TPEthGetEncryptPublicKeyViewController.m */ = {isa = PBXFileReference; lastKnownFileType = sourcecode.c.objc; path = TPEthGetEncryptPublicKeyViewController.m; sourceTree = "<group>"; };
		F99D509129DEA59E00544F24 /* TPEthDecryptViewController.h */ = {isa = PBXFileReference; lastKnownFileType = sourcecode.c.h; path = TPEthDecryptViewController.h; sourceTree = "<group>"; };
		F99D509229DEA59E00544F24 /* TPEthDecryptViewController.m */ = {isa = PBXFileReference; lastKnownFileType = sourcecode.c.objc; path = TPEthDecryptViewController.m; sourceTree = "<group>"; };
/* End PBXFileReference section */

/* Begin PBXFrameworksBuildPhase section */
		2C1BF4A12141278100E7D1EC /* Frameworks */ = {
			isa = PBXFrameworksBuildPhase;
			buildActionMask = 2147483647;
			files = (
				F93751E129F0E99500AC8A3B /* TPSDK.xcframework in Frameworks */,
			);
			runOnlyForDeploymentPostprocessing = 0;
		};
/* End PBXFrameworksBuildPhase section */

/* Begin PBXGroup section */
		18B33ADF224CF2BF0093E7F7 /* TPSDK */ = {
			isa = PBXGroup;
			children = (
				F93751E029F0E99500AC8A3B /* TPSDK.xcframework */,
				D0E87D5122D4A340006E5C93 /* TPSDKBundle.bundle */,
				18B33AE0224CF2BF0093E7F7 /* TPSDK.framework */,
			);
			path = TPSDK;
			sourceTree = "<group>";
		};
		2C1BF49B2141278100E7D1EC = {
			isa = PBXGroup;
			children = (
				2C1BF4A62141278200E7D1EC /* SDKDemo */,
				2C1BF4A52141278100E7D1EC /* Products */,
				D017E1CB22CB903F0076C32D /* Frameworks */,
			);
			sourceTree = "<group>";
		};
		2C1BF4A52141278100E7D1EC /* Products */ = {
			isa = PBXGroup;
			children = (
				2C1BF4A42141278100E7D1EC /* SDKDemo.app */,
			);
			name = Products;
			sourceTree = "<group>";
		};
		2C1BF4A62141278200E7D1EC /* SDKDemo */ = {
			isa = PBXGroup;
			children = (
				D09003E72330D95A00E17E50 /* Simple */,
				18B33ADF224CF2BF0093E7F7 /* TPSDK */,
				D07D962A22D8294400AD53EE /* Mini */,
				2C1BF4A72141278200E7D1EC /* AppDelegate.h */,
				2C1BF4A82141278200E7D1EC /* AppDelegate.m */,
				584D2F8427F8560300B209EA /* DemoSharedData.h */,
				584D2F8527F8560300B209EA /* DemoSharedData.m */,
				2C1BF4AA2141278200E7D1EC /* ViewController.h */,
				2C1BF4AB2141278200E7D1EC /* ViewController.m */,
				2C1BF4AD2141278200E7D1EC /* Main.storyboard */,
				2C1BF4B02141278400E7D1EC /* Assets.xcassets */,
				2C1BF4B22141278400E7D1EC /* LaunchScreen.storyboard */,
				2C1BF4B52141278400E7D1EC /* Info.plist */,
				2C1BF4B62141278400E7D1EC /* main.m */,
			);
			path = SDKDemo;
			sourceTree = "<group>";
		};
		D017E1CB22CB903F0076C32D /* Frameworks */ = {
			isa = PBXGroup;
			children = (
			);
			name = Frameworks;
			sourceTree = "<group>";
		};
		D07D962A22D8294400AD53EE /* Mini */ = {
			isa = PBXGroup;
			children = (
				D07D962B22D8297E00AD53EE /* TSDMiniViewController.h */,
				D07D962C22D8297E00AD53EE /* TSDMiniViewController.m */,
				D07D963022D82BE300AD53EE /* AuthViewController.h */,
				D07D962F22D82BE300AD53EE /* AuthViewController.m */,
				D07D962E22D82BE300AD53EE /* PushTransactionViewController.h */,
				D07D963122D82BE300AD53EE /* PushTransactionViewController.m */,
			);
			path = Mini;
			sourceTree = "<group>";
		};
		D09003E72330D95A00E17E50 /* Simple */ = {
			isa = PBXGroup;
			children = (
				D09003E82330D98F00E17E50 /* TPLoginViewController.h */,
				D09003E92330D98F00E17E50 /* TPLoginViewController.m */,
				D09003EB2330D99E00E17E50 /* TPSignViewController.h */,
				D09003EC2330D99E00E17E50 /* TPSignViewController.m */,
				D09003F12330D9C400E17E50 /* TPContractViewController.h */,
				D09003F22330D9C400E17E50 /* TPContractViewController.m */,
				F99D508E29DEA58700544F24 /* TPEthGetEncryptPublicKeyViewController.h */,
				F99D508F29DEA58700544F24 /* TPEthGetEncryptPublicKeyViewController.m */,
				F99D509129DEA59E00544F24 /* TPEthDecryptViewController.h */,
				F99D509229DEA59E00544F24 /* TPEthDecryptViewController.m */,
			);
			path = Simple;
			sourceTree = "<group>";
		};
/* End PBXGroup section */

/* Begin PBXNativeTarget section */
		2C1BF4A32141278100E7D1EC /* SDKDemo */ = {
			isa = PBXNativeTarget;
			buildConfigurationList = 2C1BF4BA2141278400E7D1EC /* Build configuration list for PBXNativeTarget "SDKDemo" */;
			buildPhases = (
				2C1BF4A02141278100E7D1EC /* Sources */,
				2C1BF4A12141278100E7D1EC /* Frameworks */,
				2C1BF4A22141278100E7D1EC /* Resources */,
			);
			buildRules = (
			);
			dependencies = (
			);
			name = SDKDemo;
			productName = SDKDemo;
			productReference = 2C1BF4A42141278100E7D1EC /* SDKDemo.app */;
			productType = "com.apple.product-type.application";
		};
/* End PBXNativeTarget section */

/* Begin PBXProject section */
		2C1BF49C2141278100E7D1EC /* Project object */ = {
			isa = PBXProject;
			attributes = {
				LastUpgradeCheck = 0940;
				ORGANIZATIONNAME = TokenPocket;
				TargetAttributes = {
					2C1BF4A32141278100E7D1EC = {
						CreatedOnToolsVersion = 9.4.1;
					};
				};
			};
			buildConfigurationList = 2C1BF49F2141278100E7D1EC /* Build configuration list for PBXProject "SDKDemo" */;
			compatibilityVersion = "Xcode 9.3";
			developmentRegion = en;
			hasScannedForEncodings = 0;
			knownRegions = (
				en,
				Base,
			);
			mainGroup = 2C1BF49B2141278100E7D1EC;
			productRefGroup = 2C1BF4A52141278100E7D1EC /* Products */;
			projectDirPath = "";
			projectRoot = "";
			targets = (
				2C1BF4A32141278100E7D1EC /* SDKDemo */,
			);
		};
/* End PBXProject section */

/* Begin PBXResourcesBuildPhase section */
		2C1BF4A22141278100E7D1EC /* Resources */ = {
			isa = PBXResourcesBuildPhase;
			buildActionMask = 2147483647;
			files = (
				2C1BF4B42141278400E7D1EC /* LaunchScreen.storyboard in Resources */,
				2C1BF4B12141278400E7D1EC /* Assets.xcassets in Resources */,
				2C1BF4AF2141278200E7D1EC /* Main.storyboard in Resources */,
				D0E87D5222D4A340006E5C93 /* TPSDKBundle.bundle in Resources */,
			);
			runOnlyForDeploymentPostprocessing = 0;
		};
/* End PBXResourcesBuildPhase section */

/* Begin PBXSourcesBuildPhase section */
		2C1BF4A02141278100E7D1EC /* Sources */ = {
			isa = PBXSourcesBuildPhase;
			buildActionMask = 2147483647;
			files = (
				2C1BF4AC2141278200E7D1EC /* ViewController.m in Sources */,
				D07D963222D82BE300AD53EE /* AuthViewController.m in Sources */,
				584D2F8627F8560300B209EA /* DemoSharedData.m in Sources */,
				D07D962D22D8297E00AD53EE /* TSDMiniViewController.m in Sources */,
				F99D509029DEA58700544F24 /* TPEthGetEncryptPublicKeyViewController.m in Sources */,
				D09003EA2330D98F00E17E50 /* TPLoginViewController.m in Sources */,
				F99D509329DEA59E00544F24 /* TPEthDecryptViewController.m in Sources */,
				D07D963322D82BE300AD53EE /* PushTransactionViewController.m in Sources */,
				D09003ED2330D99E00E17E50 /* TPSignViewController.m in Sources */,
				2C1BF4B72141278400E7D1EC /* main.m in Sources */,
				D09003F32330D9C400E17E50 /* TPContractViewController.m in Sources */,
				2C1BF4A92141278200E7D1EC /* AppDelegate.m in Sources */,
			);
			runOnlyForDeploymentPostprocessing = 0;
		};
/* End PBXSourcesBuildPhase section */

/* Begin PBXVariantGroup section */
		2C1BF4AD2141278200E7D1EC /* Main.storyboard */ = {
			isa = PBXVariantGroup;
			children = (
				2C1BF4AE2141278200E7D1EC /* Base */,
			);
			name = Main.storyboard;
			sourceTree = "<group>";
		};
		2C1BF4B22141278400E7D1EC /* LaunchScreen.storyboard */ = {
			isa = PBXVariantGroup;
			children = (
				2C1BF4B32141278400E7D1EC /* Base */,
			);
			name = LaunchScreen.storyboard;
			sourceTree = "<group>";
		};
/* End PBXVariantGroup section */

/* Begin XCBuildConfiguration section */
		2C1BF4B82141278400E7D1EC /* Debug */ = {
			isa = XCBuildConfiguration;
			buildSettings = {
				ALWAYS_SEARCH_USER_PATHS = NO;
				CLANG_ANALYZER_NONNULL = YES;
				CLANG_ANALYZER_NUMBER_OBJECT_CONVERSION = YES_AGGRESSIVE;
				CLANG_CXX_LANGUAGE_STANDARD = "gnu++14";
				CLANG_CXX_LIBRARY = "libc++";
				CLANG_ENABLE_MODULES = YES;
				CLANG_ENABLE_OBJC_ARC = YES;
				CLANG_ENABLE_OBJC_WEAK = YES;
				CLANG_WARN_BLOCK_CAPTURE_AUTORELEASING = YES;
				CLANG_WARN_BOOL_CONVERSION = YES;
				CLANG_WARN_COMMA = YES;
				CLANG_WARN_CONSTANT_CONVERSION = YES;
				CLANG_WARN_DEPRECATED_OBJC_IMPLEMENTATIONS = YES;
				CLANG_WARN_DIRECT_OBJC_ISA_USAGE = YES_ERROR;
				CLANG_WARN_DOCUMENTATION_COMMENTS = YES;
				CLANG_WARN_EMPTY_BODY = YES;
				CLANG_WARN_ENUM_CONVERSION = YES;
				CLANG_WARN_INFINITE_RECURSION = YES;
				CLANG_WARN_INT_CONVERSION = YES;
				CLANG_WARN_NON_LITERAL_NULL_CONVERSION = YES;
				CLANG_WARN_OBJC_IMPLICIT_RETAIN_SELF = YES;
				CLANG_WARN_OBJC_LITERAL_CONVERSION = YES;
				CLANG_WARN_OBJC_ROOT_CLASS = YES_ERROR;
				CLANG_WARN_RANGE_LOOP_ANALYSIS = YES;
				CLANG_WARN_STRICT_PROTOTYPES = YES;
				CLANG_WARN_SUSPICIOUS_MOVE = YES;
				CLANG_WARN_UNGUARDED_AVAILABILITY = YES_AGGRESSIVE;
				CLANG_WARN_UNREACHABLE_CODE = YES;
				CLANG_WARN__DUPLICATE_METHOD_MATCH = YES;
				CODE_SIGN_IDENTITY = "iPhone Developer";
				COPY_PHASE_STRIP = NO;
				DEBUG_INFORMATION_FORMAT = dwarf;
				ENABLE_STRICT_OBJC_MSGSEND = YES;
				ENABLE_TESTABILITY = YES;
				GCC_C_LANGUAGE_STANDARD = gnu11;
				GCC_DYNAMIC_NO_PIC = NO;
				GCC_NO_COMMON_BLOCKS = YES;
				GCC_OPTIMIZATION_LEVEL = 0;
				GCC_PREPROCESSOR_DEFINITIONS = (
					"DEBUG=1",
					"$(inherited)",
				);
				GCC_WARN_64_TO_32_BIT_CONVERSION = YES;
				GCC_WARN_ABOUT_RETURN_TYPE = YES_ERROR;
				GCC_WARN_UNDECLARED_SELECTOR = YES;
				GCC_WARN_UNINITIALIZED_AUTOS = YES_AGGRESSIVE;
				GCC_WARN_UNUSED_FUNCTION = YES;
				GCC_WARN_UNUSED_VARIABLE = YES;
				IPHONEOS_DEPLOYMENT_TARGET = 11.4;
				MTL_ENABLE_DEBUG_INFO = YES;
				ONLY_ACTIVE_ARCH = YES;
				SDKROOT = iphoneos;
			};
			name = Debug;
		};
		2C1BF4B92141278400E7D1EC /* Release */ = {
			isa = XCBuildConfiguration;
			buildSettings = {
				ALWAYS_SEARCH_USER_PATHS = NO;
				CLANG_ANALYZER_NONNULL = YES;
				CLANG_ANALYZER_NUMBER_OBJECT_CONVERSION = YES_AGGRESSIVE;
				CLANG_CXX_LANGUAGE_STANDARD = "gnu++14";
				CLANG_CXX_LIBRARY = "libc++";
				CLANG_ENABLE_MODULES = YES;
				CLANG_ENABLE_OBJC_ARC = YES;
				CLANG_ENABLE_OBJC_WEAK = YES;
				CLANG_WARN_BLOCK_CAPTURE_AUTORELEASING = YES;
				CLANG_WARN_BOOL_CONVERSION = YES;
				CLANG_WARN_COMMA = YES;
				CLANG_WARN_CONSTANT_CONVERSION = YES;
				CLANG_WARN_DEPRECATED_OBJC_IMPLEMENTATIONS = YES;
				CLANG_WARN_DIRECT_OBJC_ISA_USAGE = YES_ERROR;
				CLANG_WARN_DOCUMENTATION_COMMENTS = YES;
				CLANG_WARN_EMPTY_BODY = YES;
				CLANG_WARN_ENUM_CONVERSION = YES;
				CLANG_WARN_INFINITE_RECURSION = YES;
				CLANG_WARN_INT_CONVERSION = YES;
				CLANG_WARN_NON_LITERAL_NULL_CONVERSION = YES;
				CLANG_WARN_OBJC_IMPLICIT_RETAIN_SELF = YES;
				CLANG_WARN_OBJC_LITERAL_CONVERSION = YES;
				CLANG_WARN_OBJC_ROOT_CLASS = YES_ERROR;
				CLANG_WARN_RANGE_LOOP_ANALYSIS = YES;
				CLANG_WARN_STRICT_PROTOTYPES = YES;
				CLANG_WARN_SUSPICIOUS_MOVE = YES;
				CLANG_WARN_UNGUARDED_AVAILABILITY = YES_AGGRESSIVE;
				CLANG_WARN_UNREACHABLE_CODE = YES;
				CLANG_WARN__DUPLICATE_METHOD_MATCH = YES;
				CODE_SIGN_IDENTITY = "iPhone Developer";
				COPY_PHASE_STRIP = NO;
				DEBUG_INFORMATION_FORMAT = "dwarf-with-dsym";
				ENABLE_NS_ASSERTIONS = NO;
				ENABLE_STRICT_OBJC_MSGSEND = YES;
				GCC_C_LANGUAGE_STANDARD = gnu11;
				GCC_NO_COMMON_BLOCKS = YES;
				GCC_WARN_64_TO_32_BIT_CONVERSION = YES;
				GCC_WARN_ABOUT_RETURN_TYPE = YES_ERROR;
				GCC_WARN_UNDECLARED_SELECTOR = YES;
				GCC_WARN_UNINITIALIZED_AUTOS = YES_AGGRESSIVE;
				GCC_WARN_UNUSED_FUNCTION = YES;
				GCC_WARN_UNUSED_VARIABLE = YES;
				IPHONEOS_DEPLOYMENT_TARGET = 11.4;
				MTL_ENABLE_DEBUG_INFO = NO;
				SDKROOT = iphoneos;
				VALIDATE_PRODUCT = YES;
			};
			name = Release;
		};
		2C1BF4BB2141278400E7D1EC /* Debug */ = {
			isa = XCBuildConfiguration;
			buildSettings = {
				ASSETCATALOG_COMPILER_APPICON_NAME = AppIcon;
				CODE_SIGN_STYLE = Automatic;
				DEVELOPMENT_TEAM = 8Y287K7D29;
				ENABLE_BITCODE = NO;
				FRAMEWORK_SEARCH_PATHS = (
					"$(inherited)",
					"$(PROJECT_DIR)/SDKDemo",
					"$(PROJECT_DIR)/SDKDemo/TPSDK",
				);
				INFOPLIST_FILE = SDKDemo/Info.plist;
				IPHONEOS_DEPLOYMENT_TARGET = 11.0;
				LD_RUNPATH_SEARCH_PATHS = (
					"$(inherited)",
					"@executable_path/Frameworks",
				);
				OTHER_LDFLAGS = "-ObjC";
				PRODUCT_BUNDLE_IDENTIFIER = com.tokenpocket.tp.SDKDemo;
				PRODUCT_NAME = "$(TARGET_NAME)";
				TARGETED_DEVICE_FAMILY = "1,2";
			};
			name = Debug;
		};
		2C1BF4BC2141278400E7D1EC /* Release */ = {
			isa = XCBuildConfiguration;
			buildSettings = {
				ASSETCATALOG_COMPILER_APPICON_NAME = AppIcon;
				CODE_SIGN_STYLE = Automatic;
				DEVELOPMENT_TEAM = 8Y287K7D29;
				ENABLE_BITCODE = NO;
				FRAMEWORK_SEARCH_PATHS = (
					"$(inherited)",
					"$(PROJECT_DIR)/SDKDemo",
					"$(PROJECT_DIR)/SDKDemo/TPSDK",
				);
				INFOPLIST_FILE = SDKDemo/Info.plist;
				IPHONEOS_DEPLOYMENT_TARGET = 11.0;
				LD_RUNPATH_SEARCH_PATHS = (
					"$(inherited)",
					"@executable_path/Frameworks",
				);
				OTHER_LDFLAGS = "-ObjC";
				PRODUCT_BUNDLE_IDENTIFIER = com.tokenpocket.tp.SDKDemo;
				PRODUCT_NAME = "$(TARGET_NAME)";
				TARGETED_DEVICE_FAMILY = "1,2";
			};
			name = Release;
		};
/* End XCBuildConfiguration section */

/* Begin XCConfigurationList section */
		2C1BF49F2141278100E7D1EC /* Build configuration list for PBXProject "SDKDemo" */ = {
			isa = XCConfigurationList;
			buildConfigurations = (
				2C1BF4B82141278400E7D1EC /* Debug */,
				2C1BF4B92141278400E7D1EC /* Release */,
			);
			defaultConfigurationIsVisible = 0;
			defaultConfigurationName = Release;
		};
		2C1BF4BA2141278400E7D1EC /* Build configuration list for PBXNativeTarget "SDKDemo" */ = {
			isa = XCConfigurationList;
			buildConfigurations = (
				2C1BF4BB2141278400E7D1EC /* Debug */,
				2C1BF4BC2141278400E7D1EC /* Release */,
			);
			defaultConfigurationIsVisible = 0;
			defaultConfigurationName = Release;
		};
/* End XCConfigurationList section */
	};
	rootObject = 2C1BF49C2141278100E7D1EC /* Project object */;
}
